
Microsoft Visual Studio Solution File, Format Version 12.00
# Visual Studio 15
VisualStudioVersion = 15.0.27703.2047
MinimumVisualStudioVersion = 10.0.40219.1
Project("{FAE04EC0-301F-11D3-BF4B-00C04F79EFBC}") = "Tech.Domain", "src\Tech.Domain\Tech.Domain.csproj", "{A5FCBA19-2269-49C7-B044-746D1FDCFA85}"
EndProject
Project("{FAE04EC0-301F-11D3-BF4B-00C04F79EFBC}") = "Tech.Core", "src\Tech.Core\Tech.Core.csproj", "{A125756F-4203-4574-8ED4-FC91D564E6E6}"
EndProject
Global
	GlobalSection(SolutionConfigurationPlatforms) = preSolution
		Debug|Any CPU = Debug|Any CPU
		Release|Any CPU = Release|Any CPU
	EndGlobalSection
	GlobalSection(ProjectConfigurationPlatforms) = postSolution
		{A5FCBA19-2269-49C7-B044-746D1FDCFA85}.Debug|Any CPU.ActiveCfg = Debug|Any CPU
		{A5FCBA19-2269-49C7-B044-746D1FDCFA85}.Debug|Any CPU.Build.0 = Debug|Any CPU
		{A5FCBA19-2269-49C7-B044-746D1FDCFA85}.Release|Any CPU.ActiveCfg = Release|Any CPU
		{A5FCBA19-2269-49C7-B044-746D1FDCFA85}.Release|Any CPU.Build.0 = Release|Any CPU
		{A125756F-4203-4574-8ED4-FC91D564E6E6}.Debug|Any CPU.ActiveCfg = Debug|Any CPU
		{A125756F-4203-4574-8ED4-FC91D564E6E6}.Debug|Any CPU.Build.0 = Debug|Any CPU
		{A125756F-4203-4574-8ED4-FC91D564E6E6}.Release|Any CPU.ActiveCfg = Release|Any CPU
		{A125756F-4203-4574-8ED4-FC91D564E6E6}.Release|Any CPU.Build.0 = Release|Any CPU
	EndGlobalSection
	GlobalSection(SolutionProperties) = preSolution
		HideSolutionNode = FALSE
	EndGlobalSection
	GlobalSection(ExtensibilityGlobals) = postSolution
		SolutionGuid = {5CE6181C-4361-41CA-A804-D39C1D05C9E6}
	EndGlobalSection
EndGlobal
